// !$*UTF8*$!
{
	archiveVersion = 1;
	classes = {
	};
	objectVersion = 48;
	objects = {

/* Begin PBXBuildFile section */
		2617C2681F84D0FD007F8228 /* GitHubSignupViewController.swift in Sources */ = {isa = PBXBuildFile; fileRef = 2617C2621F84D0FD007F8228 /* GitHubSignupViewController.swift */; };
		2617C2691F84D0FD007F8228 /* GithubSignupViewModel1.swift in Sources */ = {isa = PBXBuildFile; fileRef = 2617C2631F84D0FD007F8228 /* GithubSignupViewModel1.swift */; };
		2617C26A1F84D0FD007F8228 /* Protocols.swift in Sources */ = {isa = PBXBuildFile; fileRef = 2617C2641F84D0FD007F8228 /* Protocols.swift */; };
		2617C26B1F84D0FD007F8228 /* DefaultImplementations.swift in Sources */ = {isa = PBXBuildFile; fileRef = 2617C2651F84D0FD007F8228 /* DefaultImplementations.swift */; };
		2617C26C1F84D0FD007F8228 /* BindingExtensions.swift in Sources */ = {isa = PBXBuildFile; fileRef = 2617C2661F84D0FD007F8228 /* BindingExtensions.swift */; };
		2617C2701F84D15C007F8228 /* Wireframe.swift in Sources */ = {isa = PBXBuildFile; fileRef = 2617C26F1F84D15C007F8228 /* Wireframe.swift */; };
		2617C2731F84D18B007F8228 /* String+URL.swift in Sources */ = {isa = PBXBuildFile; fileRef = 2617C2721F84D18B007F8228 /* String+URL.swift */; };
		2617C2761F84D1BF007F8228 /* ActivityIndicator.swift in Sources */ = {isa = PBXBuildFile; fileRef = 2617C2751F84D1BF007F8228 /* ActivityIndicator.swift */; };
		262874601F9F8DD000F66907 /* ProviderDescription.swift in Sources */ = {isa = PBXBuildFile; fileRef = 2628745F1F9F8DD000F66907 /* ProviderDescription.swift */; };
		262874621F9F8F0F00F66907 /* CustomIdentityType.swift in Sources */ = {isa = PBXBuildFile; fileRef = 262874611F9F8F0F00F66907 /* CustomIdentityType.swift */; };
		262874641F9F9EB600F66907 /* NeverHitSelfView.swift in Sources */ = {isa = PBXBuildFile; fileRef = 262874631F9F9EB600F66907 /* NeverHitSelfView.swift */; };
		26424F701F8537EC00E2834D /* UniqueMessageTableViewProvider.swift in Sources */ = {isa = PBXBuildFile; fileRef = 26424F6F1F8537EC00E2834D /* UniqueMessageTableViewProvider.swift */; };
		26424F721F853AEC00E2834D /* UniqueTextFieldTableViewProvider.swift in Sources */ = {isa = PBXBuildFile; fileRef = 26424F711F853AEC00E2834D /* UniqueTextFieldTableViewProvider.swift */; };
		26424F741F853B0A00E2834D /* UniqueButtonTableViewProvider.swift in Sources */ = {isa = PBXBuildFile; fileRef = 26424F731F853B0A00E2834D /* UniqueButtonTableViewProvider.swift */; };
		264F27961F9C33B000884FF2 /* TableViewDeleteable.swift in Sources */ = {isa = PBXBuildFile; fileRef = 264F27951F9C33B000884FF2 /* TableViewDeleteable.swift */; };
		2666E4011F869656006F1918 /* NestFormViewController.swift in Sources */ = {isa = PBXBuildFile; fileRef = 2666E4001F869656006F1918 /* NestFormViewController.swift */; };
		2666E4041F874113006F1918 /* Operators.swift in Sources */ = {isa = PBXBuildFile; fileRef = 2666E4031F874112006F1918 /* Operators.swift */; };
		2666E4081F879B3B006F1918 /* UniqueCustomCollectionViewSectionProvider.swift in Sources */ = {isa = PBXBuildFile; fileRef = 2666E4071F879B3B006F1918 /* UniqueCustomCollectionViewSectionProvider.swift */; };
		2670E6541F83E15C003A5BA7 /* Flix.h in Headers */ = {isa = PBXBuildFile; fileRef = 2670E6521F83E15C003A5BA7 /* Flix.h */; settings = {ATTRIBUTES = (Public, ); }; };
		2670E6611F83E1A0003A5BA7 /* AppDelegate.swift in Sources */ = {isa = PBXBuildFile; fileRef = 2670E6601F83E1A0003A5BA7 /* AppDelegate.swift */; };
		2670E6631F83E1A0003A5BA7 /* ViewController.swift in Sources */ = {isa = PBXBuildFile; fileRef = 2670E6621F83E1A0003A5BA7 /* ViewController.swift */; };
		2670E6661F83E1A0003A5BA7 /* Main.storyboard in Resources */ = {isa = PBXBuildFile; fileRef = 2670E6641F83E1A0003A5BA7 /* Main.storyboard */; };
		2670E6681F83E1A0003A5BA7 /* Assets.xcassets in Resources */ = {isa = PBXBuildFile; fileRef = 2670E6671F83E1A0003A5BA7 /* Assets.xcassets */; };
		2670E66B1F83E1A0003A5BA7 /* LaunchScreen.storyboard in Resources */ = {isa = PBXBuildFile; fileRef = 2670E6691F83E1A0003A5BA7 /* LaunchScreen.storyboard */; };
		2670E6741F83E2EA003A5BA7 /* Node.swift in Sources */ = {isa = PBXBuildFile; fileRef = 2670E6731F83E2EA003A5BA7 /* Node.swift */; };
		2670E6761F83E31F003A5BA7 /* CollectionViewProvider.swift in Sources */ = {isa = PBXBuildFile; fileRef = 2670E6751F83E31F003A5BA7 /* CollectionViewProvider.swift */; };
		2670E6781F83E343003A5BA7 /* TableViewProvider.swift in Sources */ = {isa = PBXBuildFile; fileRef = 2670E6771F83E343003A5BA7 /* TableViewProvider.swift */; };
		2670E67B1F83E559003A5BA7 /* UIView+Configure.swift in Sources */ = {isa = PBXBuildFile; fileRef = 2670E67A1F83E559003A5BA7 /* UIView+Configure.swift */; };
		2670E67E1F83EA4A003A5BA7 /* AnimatableCollectionViewBuilder.swift in Sources */ = {isa = PBXBuildFile; fileRef = 2670E67D1F83EA4A003A5BA7 /* AnimatableCollectionViewBuilder.swift */; };
		2670E6801F83EAA3003A5BA7 /* CollectionViewSectionPartionProvider.swift in Sources */ = {isa = PBXBuildFile; fileRef = 2670E67F1F83EAA3003A5BA7 /* CollectionViewSectionPartionProvider.swift */; };
		2670E6821F83EBE2003A5BA7 /* CollectionViewSectionProvider.swift in Sources */ = {isa = PBXBuildFile; fileRef = 2670E6811F83EBE2003A5BA7 /* CollectionViewSectionProvider.swift */; };
		2670E6931F83EDF7003A5BA7 /* Flix.framework in Frameworks */ = {isa = PBXBuildFile; fileRef = 2670E64F1F83E15C003A5BA7 /* Flix.framework */; };
		2670E6941F83EDF7003A5BA7 /* Flix.framework in Embed Frameworks */ = {isa = PBXBuildFile; fileRef = 2670E64F1F83E15C003A5BA7 /* Flix.framework */; settings = {ATTRIBUTES = (CodeSignOnCopy, RemoveHeadersOnCopy, ); }; };
		2670E69B1F83EE40003A5BA7 /* ExampleListViewController.swift in Sources */ = {isa = PBXBuildFile; fileRef = 2670E6981F83EE3F003A5BA7 /* ExampleListViewController.swift */; };
		2670E69C1F83EE40003A5BA7 /* DoNotDisturbSettingsViewController.swift in Sources */ = {isa = PBXBuildFile; fileRef = 2670E6991F83EE40003A5BA7 /* DoNotDisturbSettingsViewController.swift */; };
		2670E69F1F83EE5E003A5BA7 /* UniqueCommentTextProvider.swift in Sources */ = {isa = PBXBuildFile; fileRef = 2670E6881F83EDB7003A5BA7 /* UniqueCommentTextProvider.swift */; };
		2670E6A01F83EE5E003A5BA7 /* TextListProvider.swift in Sources */ = {isa = PBXBuildFile; fileRef = 2670E6891F83EDB7003A5BA7 /* TextListProvider.swift */; };
		2670E6A11F83EE5E003A5BA7 /* UniqueTextProvider.swift in Sources */ = {isa = PBXBuildFile; fileRef = 2670E68A1F83EDB7003A5BA7 /* UniqueTextProvider.swift */; };
		2670E6A21F83EE5E003A5BA7 /* RadioProvider.swift in Sources */ = {isa = PBXBuildFile; fileRef = 2670E68B1F83EDB7003A5BA7 /* RadioProvider.swift */; };
		2670E6A31F83EE5E003A5BA7 /* TextSectionProvider.swift in Sources */ = {isa = PBXBuildFile; fileRef = 2670E68C1F83EDB7003A5BA7 /* TextSectionProvider.swift */; };
		2670E6A51F83EE5E003A5BA7 /* UniqueTextInputProvider.swift in Sources */ = {isa = PBXBuildFile; fileRef = 2670E68E1F83EDB7003A5BA7 /* UniqueTextInputProvider.swift */; };
		2670E6A61F83EE5E003A5BA7 /* UniqueSwitchProvider.swift in Sources */ = {isa = PBXBuildFile; fileRef = 2670E68F1F83EDB7003A5BA7 /* UniqueSwitchProvider.swift */; };
		26BAF0331F8499B8009A4401 /* LoginViewController.swift in Sources */ = {isa = PBXBuildFile; fileRef = 26BAF0321F8499B8009A4401 /* LoginViewController.swift */; };
		26BAF0351F84A08E009A4401 /* UniqueCustomTableViewSectionProvider.swift in Sources */ = {isa = PBXBuildFile; fileRef = 26BAF0341F84A08E009A4401 /* UniqueCustomTableViewSectionProvider.swift */; };
		26C847051F84891500EEFEAA /* AnimatableTableViewBuilder.swift in Sources */ = {isa = PBXBuildFile; fileRef = 26C847041F84891500EEFEAA /* AnimatableTableViewBuilder.swift */; };
		26C847071F84897000EEFEAA /* TableViewSectionPartionProvider.swift in Sources */ = {isa = PBXBuildFile; fileRef = 26C847061F84897000EEFEAA /* TableViewSectionPartionProvider.swift */; };
		26C8470A1F84928D00EEFEAA /* UniqueCustomCollectionViewProvider.swift in Sources */ = {isa = PBXBuildFile; fileRef = 26C847091F84928D00EEFEAA /* UniqueCustomCollectionViewProvider.swift */; };
		26C8470C1F84929900EEFEAA /* UniqueCustomTableViewProvider.swift in Sources */ = {isa = PBXBuildFile; fileRef = 26C8470B1F84929900EEFEAA /* UniqueCustomTableViewProvider.swift */; };
		562075581FA40B10001D8896 /* DateSelectProvider.swift in Sources */ = {isa = PBXBuildFile; fileRef = 562075571FA40B10001D8896 /* DateSelectProvider.swift */; };
		5622648E1FA5FF76005D7C5F /* AnimatableTableViewGroupProvider.swift in Sources */ = {isa = PBXBuildFile; fileRef = 5622648D1FA5FF76005D7C5F /* AnimatableTableViewGroupProvider.swift */; };
		5622F6E31FA0DCFC00326201 /* MKLocalSearch+Rx.swift in Sources */ = {isa = PBXBuildFile; fileRef = 5622F6E21FA0DCFC00326201 /* MKLocalSearch+Rx.swift */; };
		5622F6E51FA0E16000326201 /* LocalSearchProvider.swift in Sources */ = {isa = PBXBuildFile; fileRef = 5622F6E41FA0E16000326201 /* LocalSearchProvider.swift */; };
		562594521FA0CC9800BF5756 /* GeolocationService.swift in Sources */ = {isa = PBXBuildFile; fileRef = 562594511FA0CC9800BF5756 /* GeolocationService.swift */; };
		562594551FA0CCA800BF5756 /* CLLocationManager+Rx.swift in Sources */ = {isa = PBXBuildFile; fileRef = 562594531FA0CCA800BF5756 /* CLLocationManager+Rx.swift */; };
		562594561FA0CCA800BF5756 /* RxCLLocationManagerDelegateProxy.swift in Sources */ = {isa = PBXBuildFile; fileRef = 562594541FA0CCA800BF5756 /* RxCLLocationManagerDelegateProxy.swift */; };
		562594581FA0CCC300BF5756 /* SelectLocationViewController.swift in Sources */ = {isa = PBXBuildFile; fileRef = 562594571FA0CCC300BF5756 /* SelectLocationViewController.swift */; };
		5626992D1FA51EE600290A70 /* EventOptionProvider.swift in Sources */ = {isa = PBXBuildFile; fileRef = 5626992C1FA51EE600290A70 /* EventOptionProvider.swift */; };
		5626992F1FA5215900290A70 /* EventOptionsViewController.swift in Sources */ = {isa = PBXBuildFile; fileRef = 5626992E1FA5215900290A70 /* EventOptionsViewController.swift */; };
		563316361FAB6AF300627F5A /* SettingsViewController.swift in Sources */ = {isa = PBXBuildFile; fileRef = 563316351FAB6AF300627F5A /* SettingsViewController.swift */; };
		563434481FAD64D200727CA1 /* ProfileProvider.swift in Sources */ = {isa = PBXBuildFile; fileRef = 563434471FAD64D200727CA1 /* ProfileProvider.swift */; };
		5634344A1FAD64FC00727CA1 /* TableViewProvider.swift in Sources */ = {isa = PBXBuildFile; fileRef = 563434491FAD64FC00727CA1 /* TableViewProvider.swift */; };
		564217881FAE0CED00BCF993 /* AppsProvider.swift in Sources */ = {isa = PBXBuildFile; fileRef = 564217871FAE0CED00BCF993 /* AppsProvider.swift */; };
		564639FB1F9E4D8A00EE1498 /* FlixStackView.swift in Sources */ = {isa = PBXBuildFile; fileRef = 564639FA1F9E4D8A00EE1498 /* FlixStackView.swift */; };
		564639FD1F9E4DAC00EE1498 /* FlixStackItemProvider.swift in Sources */ = {isa = PBXBuildFile; fileRef = 564639FC1F9E4DAC00EE1498 /* FlixStackItemProvider.swift */; };
		565726321F9E3AE800D9BEC4 /* StoryboardViewController.swift in Sources */ = {isa = PBXBuildFile; fileRef = 565726311F9E3AE800D9BEC4 /* StoryboardViewController.swift */; };
		566300BE1FA4E41B00A35CFA /* StartAndEndDateGroupProvider.swift in Sources */ = {isa = PBXBuildFile; fileRef = 566300BD1FA4E41B00A35CFA /* StartAndEndDateGroupProvider.swift */; };
		566300C11FA4F7B000A35CFA /* SelectTimeZoneViewController.swift in Sources */ = {isa = PBXBuildFile; fileRef = 566300C01FA4F7B000A35CFA /* SelectTimeZoneViewController.swift */; };
		5665F1ED1FA5AA8F009225F7 /* EndRepeatProvider.swift in Sources */ = {isa = PBXBuildFile; fileRef = 5665F1EC1FA5AA8F009225F7 /* EndRepeatProvider.swift */; };
		5665F1EF1FA5AAA8009225F7 /* RepeatGroupProvider.swift in Sources */ = {isa = PBXBuildFile; fileRef = 5665F1EE1FA5AAA8009225F7 /* RepeatGroupProvider.swift */; };
		5665F1F11FA5AEF3009225F7 /* EndRepeatSelectViewController.swift in Sources */ = {isa = PBXBuildFile; fileRef = 5665F1F01FA5AEF3009225F7 /* EndRepeatSelectViewController.swift */; };
		5665F1F41FA5CB5F009225F7 /* TextViewProvider.swift in Sources */ = {isa = PBXBuildFile; fileRef = 5665F1F31FA5CB5F009225F7 /* TextViewProvider.swift */; };
		5665F1F61FA5CF73009225F7 /* CalendarEventObject.swift in Sources */ = {isa = PBXBuildFile; fileRef = 5665F1F51FA5CF73009225F7 /* CalendarEventObject.swift */; };
		5677E7A11F9AF3A7004D002B /* TableViewInsertable.swift in Sources */ = {isa = PBXBuildFile; fileRef = 5677E7A01F9AF3A7004D002B /* TableViewInsertable.swift */; };
		5687446D1FA3745200B5193C /* EventListViewController.swift in Sources */ = {isa = PBXBuildFile; fileRef = 5687446C1FA3745100B5193C /* EventListViewController.swift */; };
		5687446F1FA374E800B5193C /* EventEditViewController.swift in Sources */ = {isa = PBXBuildFile; fileRef = 5687446E1FA374E800B5193C /* EventEditViewController.swift */; };
		568744711FA3766700B5193C /* TextFieldProvider.swift in Sources */ = {isa = PBXBuildFile; fileRef = 568744701FA3766700B5193C /* TextFieldProvider.swift */; };
		568744731FA3792F00B5193C /* SpacingSectionProvider.swift in Sources */ = {isa = PBXBuildFile; fileRef = 568744721FA3792F00B5193C /* SpacingSectionProvider.swift */; };
		568744751FA381DA00B5193C /* SelectedLocationProvider.swift in Sources */ = {isa = PBXBuildFile; fileRef = 568744741FA381DA00B5193C /* SelectedLocationProvider.swift */; };
		569294F71F88DA6800FA1493 /* TableViewEditable.swift in Sources */ = {isa = PBXBuildFile; fileRef = 569294F61F88DA6800FA1493 /* TableViewEditable.swift */; };
		569294F91F88E37E00FA1493 /* DeleteItemViewController.swift in Sources */ = {isa = PBXBuildFile; fileRef = 569294F81F88E37E00FA1493 /* DeleteItemViewController.swift */; };
		5694616B1F9C67B4009F7971 /* _CollectionViewBuilder.swift in Sources */ = {isa = PBXBuildFile; fileRef = 5694616A1F9C67B4009F7971 /* _CollectionViewBuilder.swift */; };
		5694616D1F9C710A009F7971 /* IdentifiableNode.swift in Sources */ = {isa = PBXBuildFile; fileRef = 5694616C1F9C710A009F7971 /* IdentifiableNode.swift */; };
		5694616F1F9C73D9009F7971 /* BuilderProxy.swift in Sources */ = {isa = PBXBuildFile; fileRef = 5694616E1F9C73D9009F7971 /* BuilderProxy.swift */; };
		56E06EF01F9C46310074032A /* TableViewDelegateProxy.swift in Sources */ = {isa = PBXBuildFile; fileRef = 56E06EEF1F9C46310074032A /* TableViewDelegateProxy.swift */; };
		56E06EF21F9C46710074032A /* CollectionViewDelegateProxy.swift in Sources */ = {isa = PBXBuildFile; fileRef = 56E06EF11F9C46710074032A /* CollectionViewDelegateProxy.swift */; };
		56E06EF41F9C5CD50074032A /* _TableViewBuilder.swift in Sources */ = {isa = PBXBuildFile; fileRef = 56E06EF31F9C5CD50074032A /* _TableViewBuilder.swift */; };
		56FFB7C71F89F4DD0066B903 /* CollectionViewBuilder.swift in Sources */ = {isa = PBXBuildFile; fileRef = 56FFB7C61F89F4DD0066B903 /* CollectionViewBuilder.swift */; };
		56FFB7C91F89F7110066B903 /* TableViewBuilder.swift in Sources */ = {isa = PBXBuildFile; fileRef = 56FFB7C81F89F7110066B903 /* TableViewBuilder.swift */; };
		56FFB7CB1F89FBEA0066B903 /* TableViewSectionProvider.swift in Sources */ = {isa = PBXBuildFile; fileRef = 56FFB7CA1F89FBEA0066B903 /* TableViewSectionProvider.swift */; };
		591E7B8807895C0686775378 /* Pods_Flix.framework in Frameworks */ = {isa = PBXBuildFile; fileRef = 6B73648F745916751FEA7795 /* Pods_Flix.framework */; };
		8A3AFB5DAB028934DC47B3D5 /* Pods_Example.framework in Frameworks */ = {isa = PBXBuildFile; fileRef = 57A16CA2C5A84708DA185909 /* Pods_Example.framework */; };
		9179C9641FA6D60F00B4C21E /* TableViewGroupProvider.swift in Sources */ = {isa = PBXBuildFile; fileRef = 9179C9631FA6D60F00B4C21E /* TableViewGroupProvider.swift */; };
		917E2C301FA6E34800765F95 /* CollectionViewGroupProvider.swift in Sources */ = {isa = PBXBuildFile; fileRef = 917E2C2F1FA6E34800765F95 /* CollectionViewGroupProvider.swift */; };
		917E2C321FA6E35700765F95 /* AnimatableCollectionViewGroupProvider.swift in Sources */ = {isa = PBXBuildFile; fileRef = 917E2C311FA6E35700765F95 /* AnimatableCollectionViewGroupProvider.swift */; };
		91F3F3EC1F99EAA500E6BE8F /* TableViewMoveable.swift in Sources */ = {isa = PBXBuildFile; fileRef = 91F3F3EB1F99EAA500E6BE8F /* TableViewMoveable.swift */; };
		91F3F3EE1F99EFE500E6BE8F /* ControlCenterCustomizeViewController.swift in Sources */ = {isa = PBXBuildFile; fileRef = 91F3F3ED1F99EFE500E6BE8F /* ControlCenterCustomizeViewController.swift */; };
/* End PBXBuildFile section */

/* Begin PBXContainerItemProxy section */
		2670E6951F83EDF7003A5BA7 /* PBXContainerItemProxy */ = {
			isa = PBXContainerItemProxy;
			containerPortal = 2670E6461F83E15C003A5BA7 /* Project object */;
			proxyType = 1;
			remoteGlobalIDString = 2670E64E1F83E15C003A5BA7;
			remoteInfo = Flix;
		};
/* End PBXContainerItemProxy section */

/* Begin PBXCopyFilesBuildPhase section */
		2670E6971F83EDF7003A5BA7 /* Embed Frameworks */ = {
			isa = PBXCopyFilesBuildPhase;
			buildActionMask = 2147483647;
			dstPath = "";
			dstSubfolderSpec = 10;
			files = (
				2670E6941F83EDF7003A5BA7 /* Flix.framework in Embed Frameworks */,
			);
			name = "Embed Frameworks";
			runOnlyForDeploymentPostprocessing = 0;
		};
/* End PBXCopyFilesBuildPhase section */

/* Begin PBXFileReference section */
		2617C2621F84D0FD007F8228 /* GitHubSignupViewController.swift */ = {isa = PBXFileReference; fileEncoding = 4; lastKnownFileType = sourcecode.swift; path = GitHubSignupViewController.swift; sourceTree = "<group>"; };
		2617C2631F84D0FD007F8228 /* GithubSignupViewModel1.swift */ = {isa = PBXFileReference; fileEncoding = 4; lastKnownFileType = sourcecode.swift; path = GithubSignupViewModel1.swift; sourceTree = "<group>"; };
		2617C2641F84D0FD007F8228 /* Protocols.swift */ = {isa = PBXFileReference; fileEncoding = 4; lastKnownFileType = sourcecode.swift; path = Protocols.swift; sourceTree = "<group>"; };
		2617C2651F84D0FD007F8228 /* DefaultImplementations.swift */ = {isa = PBXFileReference; fileEncoding = 4; lastKnownFileType = sourcecode.swift; path = DefaultImplementations.swift; sourceTree = "<group>"; };
		2617C2661F84D0FD007F8228 /* BindingExtensions.swift */ = {isa = PBXFileReference; fileEncoding = 4; lastKnownFileType = sourcecode.swift; path = BindingExtensions.swift; sourceTree = "<group>"; };
		2617C26F1F84D15C007F8228 /* Wireframe.swift */ = {isa = PBXFileReference; fileEncoding = 4; lastKnownFileType = sourcecode.swift; path = Wireframe.swift; sourceTree = "<group>"; };
		2617C2721F84D18B007F8228 /* String+URL.swift */ = {isa = PBXFileReference; fileEncoding = 4; lastKnownFileType = sourcecode.swift; path = "String+URL.swift"; sourceTree = "<group>"; };
		2617C2751F84D1BF007F8228 /* ActivityIndicator.swift */ = {isa = PBXFileReference; fileEncoding = 4; lastKnownFileType = sourcecode.swift; path = ActivityIndicator.swift; sourceTree = "<group>"; };
		2628745F1F9F8DD000F66907 /* ProviderDescription.swift */ = {isa = PBXFileReference; lastKnownFileType = sourcecode.swift; path = ProviderDescription.swift; sourceTree = "<group>"; };
		262874611F9F8F0F00F66907 /* CustomIdentityType.swift */ = {isa = PBXFileReference; lastKnownFileType = sourcecode.swift; path = CustomIdentityType.swift; sourceTree = "<group>"; };
		262874631F9F9EB600F66907 /* NeverHitSelfView.swift */ = {isa = PBXFileReference; lastKnownFileType = sourcecode.swift; path = NeverHitSelfView.swift; sourceTree = "<group>"; };
		26424F6F1F8537EC00E2834D /* UniqueMessageTableViewProvider.swift */ = {isa = PBXFileReference; lastKnownFileType = sourcecode.swift; path = UniqueMessageTableViewProvider.swift; sourceTree = "<group>"; };
		26424F711F853AEC00E2834D /* UniqueTextFieldTableViewProvider.swift */ = {isa = PBXFileReference; lastKnownFileType = sourcecode.swift; path = UniqueTextFieldTableViewProvider.swift; sourceTree = "<group>"; };
		26424F731F853B0A00E2834D /* UniqueButtonTableViewProvider.swift */ = {isa = PBXFileReference; lastKnownFileType = sourcecode.swift; path = UniqueButtonTableViewProvider.swift; sourceTree = "<group>"; };
		264F27951F9C33B000884FF2 /* TableViewDeleteable.swift */ = {isa = PBXFileReference; lastKnownFileType = sourcecode.swift; path = TableViewDeleteable.swift; sourceTree = "<group>"; };
		2666E4001F869656006F1918 /* NestFormViewController.swift */ = {isa = PBXFileReference; lastKnownFileType = sourcecode.swift; path = NestFormViewController.swift; sourceTree = "<group>"; };
		2666E4031F874112006F1918 /* Operators.swift */ = {isa = PBXFileReference; fileEncoding = 4; lastKnownFileType = sourcecode.swift; path = Operators.swift; sourceTree = "<group>"; };
		2666E4071F879B3B006F1918 /* UniqueCustomCollectionViewSectionProvider.swift */ = {isa = PBXFileReference; lastKnownFileType = sourcecode.swift; path = UniqueCustomCollectionViewSectionProvider.swift; sourceTree = "<group>"; };
		2670E64F1F83E15C003A5BA7 /* Flix.framework */ = {isa = PBXFileReference; explicitFileType = wrapper.framework; includeInIndex = 0; path = Flix.framework; sourceTree = BUILT_PRODUCTS_DIR; };
		2670E6521F83E15C003A5BA7 /* Flix.h */ = {isa = PBXFileReference; lastKnownFileType = sourcecode.c.h; path = Flix.h; sourceTree = "<group>"; };
		2670E6531F83E15C003A5BA7 /* Info.plist */ = {isa = PBXFileReference; lastKnownFileType = text.plist.xml; path = Info.plist; sourceTree = "<group>"; };
		2670E65E1F83E1A0003A5BA7 /* Example.app */ = {isa = PBXFileReference; explicitFileType = wrapper.application; includeInIndex = 0; path = Example.app; sourceTree = BUILT_PRODUCTS_DIR; };
		2670E6601F83E1A0003A5BA7 /* AppDelegate.swift */ = {isa = PBXFileReference; lastKnownFileType = sourcecode.swift; path = AppDelegate.swift; sourceTree = "<group>"; };
		2670E6621F83E1A0003A5BA7 /* ViewController.swift */ = {isa = PBXFileReference; lastKnownFileType = sourcecode.swift; path = ViewController.swift; sourceTree = "<group>"; };
		2670E6651F83E1A0003A5BA7 /* Base */ = {isa = PBXFileReference; lastKnownFileType = file.storyboard; name = Base; path = Base.lproj/Main.storyboard; sourceTree = "<group>"; };
		2670E6671F83E1A0003A5BA7 /* Assets.xcassets */ = {isa = PBXFileReference; lastKnownFileType = folder.assetcatalog; path = Assets.xcassets; sourceTree = "<group>"; };
		2670E66A1F83E1A0003A5BA7 /* Base */ = {isa = PBXFileReference; lastKnownFileType = file.storyboard; name = Base; path = Base.lproj/LaunchScreen.storyboard; sourceTree = "<group>"; };
		2670E66C1F83E1A0003A5BA7 /* Info.plist */ = {isa = PBXFileReference; lastKnownFileType = text.plist.xml; path = Info.plist; sourceTree = "<group>"; };
		2670E6731F83E2EA003A5BA7 /* Node.swift */ = {isa = PBXFileReference; lastKnownFileType = sourcecode.swift; path = Node.swift; sourceTree = "<group>"; };
		2670E6751F83E31F003A5BA7 /* CollectionViewProvider.swift */ = {isa = PBXFileReference; lastKnownFileType = sourcecode.swift; path = CollectionViewProvider.swift; sourceTree = "<group>"; };
		2670E6771F83E343003A5BA7 /* TableViewProvider.swift */ = {isa = PBXFileReference; lastKnownFileType = sourcecode.swift; path = TableViewProvider.swift; sourceTree = "<group>"; };
		2670E67A1F83E559003A5BA7 /* UIView+Configure.swift */ = {isa = PBXFileReference; lastKnownFileType = sourcecode.swift; path = "UIView+Configure.swift"; sourceTree = "<group>"; };
		2670E67D1F83EA4A003A5BA7 /* AnimatableCollectionViewBuilder.swift */ = {isa = PBXFileReference; lastKnownFileType = sourcecode.swift; path = AnimatableCollectionViewBuilder.swift; sourceTree = "<group>"; };
		2670E67F1F83EAA3003A5BA7 /* CollectionViewSectionPartionProvider.swift */ = {isa = PBXFileReference; lastKnownFileType = sourcecode.swift; path = CollectionViewSectionPartionProvider.swift; sourceTree = "<group>"; };
		2670E6811F83EBE2003A5BA7 /* CollectionViewSectionProvider.swift */ = {isa = PBXFileReference; lastKnownFileType = sourcecode.swift; path = CollectionViewSectionProvider.swift; sourceTree = "<group>"; };
		2670E6881F83EDB7003A5BA7 /* UniqueCommentTextProvider.swift */ = {isa = PBXFileReference; lastKnownFileType = sourcecode.swift; path = UniqueCommentTextProvider.swift; sourceTree = "<group>"; };
		2670E6891F83EDB7003A5BA7 /* TextListProvider.swift */ = {isa = PBXFileReference; lastKnownFileType = sourcecode.swift; path = TextListProvider.swift; sourceTree = "<group>"; };
		2670E68A1F83EDB7003A5BA7 /* UniqueTextProvider.swift */ = {isa = PBXFileReference; lastKnownFileType = sourcecode.swift; path = UniqueTextProvider.swift; sourceTree = "<group>"; };
		2670E68B1F83EDB7003A5BA7 /* RadioProvider.swift */ = {isa = PBXFileReference; lastKnownFileType = sourcecode.swift; path = RadioProvider.swift; sourceTree = "<group>"; };
		2670E68C1F83EDB7003A5BA7 /* TextSectionProvider.swift */ = {isa = PBXFileReference; lastKnownFileType = sourcecode.swift; path = TextSectionProvider.swift; sourceTree = "<group>"; };
		2670E68E1F83EDB7003A5BA7 /* UniqueTextInputProvider.swift */ = {isa = PBXFileReference; lastKnownFileType = sourcecode.swift; path = UniqueTextInputProvider.swift; sourceTree = "<group>"; };
		2670E68F1F83EDB7003A5BA7 /* UniqueSwitchProvider.swift */ = {isa = PBXFileReference; lastKnownFileType = sourcecode.swift; path = UniqueSwitchProvider.swift; sourceTree = "<group>"; };
		2670E6981F83EE3F003A5BA7 /* ExampleListViewController.swift */ = {isa = PBXFileReference; fileEncoding = 4; lastKnownFileType = sourcecode.swift; path = ExampleListViewController.swift; sourceTree = "<group>"; };
		2670E6991F83EE40003A5BA7 /* DoNotDisturbSettingsViewController.swift */ = {isa = PBXFileReference; fileEncoding = 4; lastKnownFileType = sourcecode.swift; path = DoNotDisturbSettingsViewController.swift; sourceTree = "<group>"; };
		26BAF0321F8499B8009A4401 /* LoginViewController.swift */ = {isa = PBXFileReference; lastKnownFileType = sourcecode.swift; path = LoginViewController.swift; sourceTree = "<group>"; };
		26BAF0341F84A08E009A4401 /* UniqueCustomTableViewSectionProvider.swift */ = {isa = PBXFileReference; lastKnownFileType = sourcecode.swift; path = UniqueCustomTableViewSectionProvider.swift; sourceTree = "<group>"; };
		26C847041F84891500EEFEAA /* AnimatableTableViewBuilder.swift */ = {isa = PBXFileReference; lastKnownFileType = sourcecode.swift; path = AnimatableTableViewBuilder.swift; sourceTree = "<group>"; };
		26C847061F84897000EEFEAA /* TableViewSectionPartionProvider.swift */ = {isa = PBXFileReference; lastKnownFileType = sourcecode.swift; path = TableViewSectionPartionProvider.swift; sourceTree = "<group>"; };
		26C847091F84928D00EEFEAA /* UniqueCustomCollectionViewProvider.swift */ = {isa = PBXFileReference; lastKnownFileType = sourcecode.swift; path = UniqueCustomCollectionViewProvider.swift; sourceTree = "<group>"; };
		26C8470B1F84929900EEFEAA /* UniqueCustomTableViewProvider.swift */ = {isa = PBXFileReference; lastKnownFileType = sourcecode.swift; path = UniqueCustomTableViewProvider.swift; sourceTree = "<group>"; };
		3623AE6EB18987F4D533683C /* Pods-Example.release.xcconfig */ = {isa = PBXFileReference; includeInIndex = 1; lastKnownFileType = text.xcconfig; name = "Pods-Example.release.xcconfig"; path = "Pods/Target Support Files/Pods-Example/Pods-Example.release.xcconfig"; sourceTree = "<group>"; };
		4D1DE780D16E3E8256EDE880 /* Pods-Flix.release.xcconfig */ = {isa = PBXFileReference; includeInIndex = 1; lastKnownFileType = text.xcconfig; name = "Pods-Flix.release.xcconfig"; path = "Pods/Target Support Files/Pods-Flix/Pods-Flix.release.xcconfig"; sourceTree = "<group>"; };
		562075571FA40B10001D8896 /* DateSelectProvider.swift */ = {isa = PBXFileReference; lastKnownFileType = sourcecode.swift; path = DateSelectProvider.swift; sourceTree = "<group>"; };
		5622648D1FA5FF76005D7C5F /* AnimatableTableViewGroupProvider.swift */ = {isa = PBXFileReference; lastKnownFileType = sourcecode.swift; path = AnimatableTableViewGroupProvider.swift; sourceTree = "<group>"; };
		5622F6E21FA0DCFC00326201 /* MKLocalSearch+Rx.swift */ = {isa = PBXFileReference; lastKnownFileType = sourcecode.swift; path = "MKLocalSearch+Rx.swift"; sourceTree = "<group>"; };
		5622F6E41FA0E16000326201 /* LocalSearchProvider.swift */ = {isa = PBXFileReference; lastKnownFileType = sourcecode.swift; path = LocalSearchProvider.swift; sourceTree = "<group>"; };
		562594511FA0CC9800BF5756 /* GeolocationService.swift */ = {isa = PBXFileReference; fileEncoding = 4; lastKnownFileType = sourcecode.swift; path = GeolocationService.swift; sourceTree = "<group>"; };
		562594531FA0CCA800BF5756 /* CLLocationManager+Rx.swift */ = {isa = PBXFileReference; fileEncoding = 4; lastKnownFileType = sourcecode.swift; path = "CLLocationManager+Rx.swift"; sourceTree = "<group>"; };
		562594541FA0CCA800BF5756 /* RxCLLocationManagerDelegateProxy.swift */ = {isa = PBXFileReference; fileEncoding = 4; lastKnownFileType = sourcecode.swift; path = RxCLLocationManagerDelegateProxy.swift; sourceTree = "<group>"; };
		562594571FA0CCC300BF5756 /* SelectLocationViewController.swift */ = {isa = PBXFileReference; lastKnownFileType = sourcecode.swift; path = SelectLocationViewController.swift; sourceTree = "<group>"; };
		5626992C1FA51EE600290A70 /* EventOptionProvider.swift */ = {isa = PBXFileReference; lastKnownFileType = sourcecode.swift; path = EventOptionProvider.swift; sourceTree = "<group>"; };
		5626992E1FA5215900290A70 /* EventOptionsViewController.swift */ = {isa = PBXFileReference; lastKnownFileType = sourcecode.swift; path = EventOptionsViewController.swift; sourceTree = "<group>"; };
		563316351FAB6AF300627F5A /* SettingsViewController.swift */ = {isa = PBXFileReference; lastKnownFileType = sourcecode.swift; path = SettingsViewController.swift; sourceTree = "<group>"; };
		563434471FAD64D200727CA1 /* ProfileProvider.swift */ = {isa = PBXFileReference; lastKnownFileType = sourcecode.swift; path = ProfileProvider.swift; sourceTree = "<group>"; };
		563434491FAD64FC00727CA1 /* TableViewProvider.swift */ = {isa = PBXFileReference; lastKnownFileType = sourcecode.swift; path = TableViewProvider.swift; sourceTree = "<group>"; };
		564217871FAE0CED00BCF993 /* AppsProvider.swift */ = {isa = PBXFileReference; lastKnownFileType = sourcecode.swift; path = AppsProvider.swift; sourceTree = "<group>"; };
		564639FA1F9E4D8A00EE1498 /* FlixStackView.swift */ = {isa = PBXFileReference; lastKnownFileType = sourcecode.swift; path = FlixStackView.swift; sourceTree = "<group>"; };
		564639FC1F9E4DAC00EE1498 /* FlixStackItemProvider.swift */ = {isa = PBXFileReference; lastKnownFileType = sourcecode.swift; path = FlixStackItemProvider.swift; sourceTree = "<group>"; };
		565726311F9E3AE800D9BEC4 /* StoryboardViewController.swift */ = {isa = PBXFileReference; lastKnownFileType = sourcecode.swift; path = StoryboardViewController.swift; sourceTree = "<group>"; };
		566300BD1FA4E41B00A35CFA /* StartAndEndDateGroupProvider.swift */ = {isa = PBXFileReference; lastKnownFileType = sourcecode.swift; path = StartAndEndDateGroupProvider.swift; sourceTree = "<group>"; };
		566300C01FA4F7B000A35CFA /* SelectTimeZoneViewController.swift */ = {isa = PBXFileReference; lastKnownFileType = sourcecode.swift; path = SelectTimeZoneViewController.swift; sourceTree = "<group>"; };
		5665F1EC1FA5AA8F009225F7 /* EndRepeatProvider.swift */ = {isa = PBXFileReference; lastKnownFileType = sourcecode.swift; path = EndRepeatProvider.swift; sourceTree = "<group>"; };
		5665F1EE1FA5AAA8009225F7 /* RepeatGroupProvider.swift */ = {isa = PBXFileReference; lastKnownFileType = sourcecode.swift; path = RepeatGroupProvider.swift; sourceTree = "<group>"; };
		5665F1F01FA5AEF3009225F7 /* EndRepeatSelectViewController.swift */ = {isa = PBXFileReference; lastKnownFileType = sourcecode.swift; path = EndRepeatSelectViewController.swift; sourceTree = "<group>"; };
		5665F1F31FA5CB5F009225F7 /* TextViewProvider.swift */ = {isa = PBXFileReference; lastKnownFileType = sourcecode.swift; path = TextViewProvider.swift; sourceTree = "<group>"; };
		5665F1F51FA5CF73009225F7 /* CalendarEventObject.swift */ = {isa = PBXFileReference; lastKnownFileType = sourcecode.swift; path = CalendarEventObject.swift; sourceTree = "<group>"; };
		5677E7A01F9AF3A7004D002B /* TableViewInsertable.swift */ = {isa = PBXFileReference; lastKnownFileType = sourcecode.swift; path = TableViewInsertable.swift; sourceTree = "<group>"; };
		5687446C1FA3745100B5193C /* EventListViewController.swift */ = {isa = PBXFileReference; fileEncoding = 4; lastKnownFileType = sourcecode.swift; path = EventListViewController.swift; sourceTree = "<group>"; };
		5687446E1FA374E800B5193C /* EventEditViewController.swift */ = {isa = PBXFileReference; lastKnownFileType = sourcecode.swift; path = EventEditViewController.swift; sourceTree = "<group>"; };
		568744701FA3766700B5193C /* TextFieldProvider.swift */ = {isa = PBXFileReference; lastKnownFileType = sourcecode.swift; path = TextFieldProvider.swift; sourceTree = "<group>"; };
		568744721FA3792F00B5193C /* SpacingSectionProvider.swift */ = {isa = PBXFileReference; lastKnownFileType = sourcecode.swift; path = SpacingSectionProvider.swift; sourceTree = "<group>"; };
		568744741FA381DA00B5193C /* SelectedLocationProvider.swift */ = {isa = PBXFileReference; lastKnownFileType = sourcecode.swift; path = SelectedLocationProvider.swift; sourceTree = "<group>"; };
		569294F61F88DA6800FA1493 /* TableViewEditable.swift */ = {isa = PBXFileReference; lastKnownFileType = sourcecode.swift; path = TableViewEditable.swift; sourceTree = "<group>"; };
		569294F81F88E37E00FA1493 /* DeleteItemViewController.swift */ = {isa = PBXFileReference; lastKnownFileType = sourcecode.swift; path = DeleteItemViewController.swift; sourceTree = "<group>"; };
		5694616A1F9C67B4009F7971 /* _CollectionViewBuilder.swift */ = {isa = PBXFileReference; lastKnownFileType = sourcecode.swift; path = _CollectionViewBuilder.swift; sourceTree = "<group>"; };
		5694616C1F9C710A009F7971 /* IdentifiableNode.swift */ = {isa = PBXFileReference; lastKnownFileType = sourcecode.swift; path = IdentifiableNode.swift; sourceTree = "<group>"; };
		5694616E1F9C73D9009F7971 /* BuilderProxy.swift */ = {isa = PBXFileReference; lastKnownFileType = sourcecode.swift; path = BuilderProxy.swift; sourceTree = "<group>"; };
		56E06EEF1F9C46310074032A /* TableViewDelegateProxy.swift */ = {isa = PBXFileReference; lastKnownFileType = sourcecode.swift; path = TableViewDelegateProxy.swift; sourceTree = "<group>"; };
		56E06EF11F9C46710074032A /* CollectionViewDelegateProxy.swift */ = {isa = PBXFileReference; lastKnownFileType = sourcecode.swift; path = CollectionViewDelegateProxy.swift; sourceTree = "<group>"; };
		56E06EF31F9C5CD50074032A /* _TableViewBuilder.swift */ = {isa = PBXFileReference; lastKnownFileType = sourcecode.swift; path = _TableViewBuilder.swift; sourceTree = "<group>"; };
		56FFB7C61F89F4DD0066B903 /* CollectionViewBuilder.swift */ = {isa = PBXFileReference; lastKnownFileType = sourcecode.swift; path = CollectionViewBuilder.swift; sourceTree = "<group>"; };
		56FFB7C81F89F7110066B903 /* TableViewBuilder.swift */ = {isa = PBXFileReference; lastKnownFileType = sourcecode.swift; path = TableViewBuilder.swift; sourceTree = "<group>"; };
		56FFB7CA1F89FBEA0066B903 /* TableViewSectionProvider.swift */ = {isa = PBXFileReference; lastKnownFileType = sourcecode.swift; path = TableViewSectionProvider.swift; sourceTree = "<group>"; };
		57A16CA2C5A84708DA185909 /* Pods_Example.framework */ = {isa = PBXFileReference; explicitFileType = wrapper.framework; includeInIndex = 0; path = Pods_Example.framework; sourceTree = BUILT_PRODUCTS_DIR; };
		6B73648F745916751FEA7795 /* Pods_Flix.framework */ = {isa = PBXFileReference; explicitFileType = wrapper.framework; includeInIndex = 0; path = Pods_Flix.framework; sourceTree = BUILT_PRODUCTS_DIR; };
		9179C9631FA6D60F00B4C21E /* TableViewGroupProvider.swift */ = {isa = PBXFileReference; lastKnownFileType = sourcecode.swift; path = TableViewGroupProvider.swift; sourceTree = "<group>"; };
		917E2C2F1FA6E34800765F95 /* CollectionViewGroupProvider.swift */ = {isa = PBXFileReference; lastKnownFileType = sourcecode.swift; path = CollectionViewGroupProvider.swift; sourceTree = "<group>"; };
		917E2C311FA6E35700765F95 /* AnimatableCollectionViewGroupProvider.swift */ = {isa = PBXFileReference; lastKnownFileType = sourcecode.swift; path = AnimatableCollectionViewGroupProvider.swift; sourceTree = "<group>"; };
		91F3F3EB1F99EAA500E6BE8F /* TableViewMoveable.swift */ = {isa = PBXFileReference; lastKnownFileType = sourcecode.swift; path = TableViewMoveable.swift; sourceTree = "<group>"; };
		91F3F3ED1F99EFE500E6BE8F /* ControlCenterCustomizeViewController.swift */ = {isa = PBXFileReference; lastKnownFileType = sourcecode.swift; path = ControlCenterCustomizeViewController.swift; sourceTree = "<group>"; };
		BA63D7D73F2D9CEB8F63F458 /* Pods-Example.debug.xcconfig */ = {isa = PBXFileReference; includeInIndex = 1; lastKnownFileType = text.xcconfig; name = "Pods-Example.debug.xcconfig"; path = "Pods/Target Support Files/Pods-Example/Pods-Example.debug.xcconfig"; sourceTree = "<group>"; };
		D2F9A63D3C7A3420C9797CB5 /* Pods-Flix.debug.xcconfig */ = {isa = PBXFileReference; includeInIndex = 1; lastKnownFileType = text.xcconfig; name = "Pods-Flix.debug.xcconfig"; path = "Pods/Target Support Files/Pods-Flix/Pods-Flix.debug.xcconfig"; sourceTree = "<group>"; };
/* End PBXFileReference section */

/* Begin PBXFrameworksBuildPhase section */
		2670E64B1F83E15C003A5BA7 /* Frameworks */ = {
			isa = PBXFrameworksBuildPhase;
			buildActionMask = 2147483647;
			files = (
				591E7B8807895C0686775378 /* Pods_Flix.framework in Frameworks */,
			);
			runOnlyForDeploymentPostprocessing = 0;
		};
		2670E65B1F83E1A0003A5BA7 /* Frameworks */ = {
			isa = PBXFrameworksBuildPhase;
			buildActionMask = 2147483647;
			files = (
				2670E6931F83EDF7003A5BA7 /* Flix.framework in Frameworks */,
				8A3AFB5DAB028934DC47B3D5 /* Pods_Example.framework in Frameworks */,
			);
			runOnlyForDeploymentPostprocessing = 0;
		};
/* End PBXFrameworksBuildPhase section */

/* Begin PBXGroup section */
		2617C2611F84D0FD007F8228 /* GitHubSigup */ = {
			isa = PBXGroup;
			children = (
				2666E4031F874112006F1918 /* Operators.swift */,
				2617C2621F84D0FD007F8228 /* GitHubSignupViewController.swift */,
				2617C2751F84D1BF007F8228 /* ActivityIndicator.swift */,
				2617C2721F84D18B007F8228 /* String+URL.swift */,
				2617C26F1F84D15C007F8228 /* Wireframe.swift */,
				2617C2631F84D0FD007F8228 /* GithubSignupViewModel1.swift */,
				2617C2641F84D0FD007F8228 /* Protocols.swift */,
				2617C2651F84D0FD007F8228 /* DefaultImplementations.swift */,
				2617C2661F84D0FD007F8228 /* BindingExtensions.swift */,
			);
			path = GitHubSigup;
			sourceTree = "<group>";
		};
		264F27941F9C336A00884FF2 /* TableViewEdit */ = {
			isa = PBXGroup;
			children = (
				5677E7A01F9AF3A7004D002B /* TableViewInsertable.swift */,
				569294F61F88DA6800FA1493 /* TableViewEditable.swift */,
				91F3F3EB1F99EAA500E6BE8F /* TableViewMoveable.swift */,
				264F27951F9C33B000884FF2 /* TableViewDeleteable.swift */,
			);
			path = TableViewEdit;
			sourceTree = "<group>";
		};
		2670E6451F83E15C003A5BA7 = {
			isa = PBXGroup;
			children = (
				2670E6511F83E15C003A5BA7 /* Flix */,
				2670E65F1F83E1A0003A5BA7 /* Example */,
				2670E6501F83E15C003A5BA7 /* Products */,
				DEA53283DE1AFF3A56A6F7A9 /* Pods */,
				64E690AA694462C59CA1460E /* Frameworks */,
			);
			sourceTree = "<group>";
		};
		2670E6501F83E15C003A5BA7 /* Products */ = {
			isa = PBXGroup;
			children = (
				2670E64F1F83E15C003A5BA7 /* Flix.framework */,
				2670E65E1F83E1A0003A5BA7 /* Example.app */,
			);
			name = Products;
			sourceTree = "<group>";
		};
		2670E6511F83E15C003A5BA7 /* Flix */ = {
			isa = PBXGroup;
			children = (
				564639F91F9E4D7B00EE1498 /* Storyboard */,
				2670E6721F83E2CE003A5BA7 /* Provider */,
				2670E6701F83E2C0003A5BA7 /* Node */,
				26C847081F84911C00EEFEAA /* UniqueCustomProvider */,
				264F27941F9C336A00884FF2 /* TableViewEdit */,
				56E06EEE1F9C46110074032A /* DelegateProxy */,
				2670E67C1F83EA2C003A5BA7 /* Builder */,
				2670E6791F83E546003A5BA7 /* Cell */,
				2670E6521F83E15C003A5BA7 /* Flix.h */,
				2670E6531F83E15C003A5BA7 /* Info.plist */,
			);
			path = Flix;
			sourceTree = "<group>";
		};
		2670E65F1F83E1A0003A5BA7 /* Example */ = {
			isa = PBXGroup;
			children = (
				569848F01F89F2DD00DA1D64 /* Example */,
				2670E6871F83EDB7003A5BA7 /* Providers */,
				2670E6601F83E1A0003A5BA7 /* AppDelegate.swift */,
				2670E6621F83E1A0003A5BA7 /* ViewController.swift */,
				2670E6641F83E1A0003A5BA7 /* Main.storyboard */,
				2670E6671F83E1A0003A5BA7 /* Assets.xcassets */,
				2670E6691F83E1A0003A5BA7 /* LaunchScreen.storyboard */,
				2670E66C1F83E1A0003A5BA7 /* Info.plist */,
				2670E6981F83EE3F003A5BA7 /* ExampleListViewController.swift */,
			);
			path = Example;
			sourceTree = "<group>";
		};
		2670E6701F83E2C0003A5BA7 /* Node */ = {
			isa = PBXGroup;
			children = (
				2670E6731F83E2EA003A5BA7 /* Node.swift */,
				5694616C1F9C710A009F7971 /* IdentifiableNode.swift */,
			);
			path = Node;
			sourceTree = "<group>";
		};
		2670E6721F83E2CE003A5BA7 /* Provider */ = {
			isa = PBXGroup;
			children = (
				9179C9621FA6D60400B4C21E /* Group */,
				2670E6751F83E31F003A5BA7 /* CollectionViewProvider.swift */,
				2670E6771F83E343003A5BA7 /* TableViewProvider.swift */,
				2670E67F1F83EAA3003A5BA7 /* CollectionViewSectionPartionProvider.swift */,
				2670E6811F83EBE2003A5BA7 /* CollectionViewSectionProvider.swift */,
				26C847061F84897000EEFEAA /* TableViewSectionPartionProvider.swift */,
				56FFB7CA1F89FBEA0066B903 /* TableViewSectionProvider.swift */,
				2628745F1F9F8DD000F66907 /* ProviderDescription.swift */,
				262874611F9F8F0F00F66907 /* CustomIdentityType.swift */,
			);
			path = Provider;
			sourceTree = "<group>";
		};
		2670E6791F83E546003A5BA7 /* Cell */ = {
			isa = PBXGroup;
			children = (
				2670E67A1F83E559003A5BA7 /* UIView+Configure.swift */,
			);
			path = Cell;
			sourceTree = "<group>";
		};
		2670E67C1F83EA2C003A5BA7 /* Builder */ = {
			isa = PBXGroup;
			children = (
				5694616A1F9C67B4009F7971 /* _CollectionViewBuilder.swift */,
				56FFB7C61F89F4DD0066B903 /* CollectionViewBuilder.swift */,
				2670E67D1F83EA4A003A5BA7 /* AnimatableCollectionViewBuilder.swift */,
				56E06EF31F9C5CD50074032A /* _TableViewBuilder.swift */,
				56FFB7C81F89F7110066B903 /* TableViewBuilder.swift */,
				26C847041F84891500EEFEAA /* AnimatableTableViewBuilder.swift */,
				5694616E1F9C73D9009F7971 /* BuilderProxy.swift */,
			);
			path = Builder;
			sourceTree = "<group>";
		};
		2670E6871F83EDB7003A5BA7 /* Providers */ = {
			isa = PBXGroup;
			children = (
				2670E6881F83EDB7003A5BA7 /* UniqueCommentTextProvider.swift */,
				2670E6891F83EDB7003A5BA7 /* TextListProvider.swift */,
				2670E68A1F83EDB7003A5BA7 /* UniqueTextProvider.swift */,
				2670E68B1F83EDB7003A5BA7 /* RadioProvider.swift */,
				2670E68C1F83EDB7003A5BA7 /* TextSectionProvider.swift */,
				2670E68E1F83EDB7003A5BA7 /* UniqueTextInputProvider.swift */,
				2670E68F1F83EDB7003A5BA7 /* UniqueSwitchProvider.swift */,
				26424F6F1F8537EC00E2834D /* UniqueMessageTableViewProvider.swift */,
				26424F711F853AEC00E2834D /* UniqueTextFieldTableViewProvider.swift */,
				26424F731F853B0A00E2834D /* UniqueButtonTableViewProvider.swift */,
			);
			path = Providers;
			sourceTree = "<group>";
		};
		26C847081F84911C00EEFEAA /* UniqueCustomProvider */ = {
			isa = PBXGroup;
			children = (
				262874631F9F9EB600F66907 /* NeverHitSelfView.swift */,
				26C847091F84928D00EEFEAA /* UniqueCustomCollectionViewProvider.swift */,
				26C8470B1F84929900EEFEAA /* UniqueCustomTableViewProvider.swift */,
				26BAF0341F84A08E009A4401 /* UniqueCustomTableViewSectionProvider.swift */,
				2666E4071F879B3B006F1918 /* UniqueCustomCollectionViewSectionProvider.swift */,
			);
			path = UniqueCustomProvider;
			sourceTree = "<group>";
		};
		562594501FA0CC8300BF5756 /* Location */ = {
			isa = PBXGroup;
			children = (
				562594531FA0CCA800BF5756 /* CLLocationManager+Rx.swift */,
				562594541FA0CCA800BF5756 /* RxCLLocationManagerDelegateProxy.swift */,
				562594511FA0CC9800BF5756 /* GeolocationService.swift */,
				562594571FA0CCC300BF5756 /* SelectLocationViewController.swift */,
				5622F6E21FA0DCFC00326201 /* MKLocalSearch+Rx.swift */,
				5622F6E41FA0E16000326201 /* LocalSearchProvider.swift */,
			);
			path = Location;
			sourceTree = "<group>";
		};
		562699291FA51E8800290A70 /* Options */ = {
			isa = PBXGroup;
			children = (
				5626992C1FA51EE600290A70 /* EventOptionProvider.swift */,
				5626992E1FA5215900290A70 /* EventOptionsViewController.swift */,
			);
			path = Options;
			sourceTree = "<group>";
		};
		563316341FAB6A5E00627F5A /* Tutorial */ = {
			isa = PBXGroup;
			children = (
				563316351FAB6AF300627F5A /* SettingsViewController.swift */,
				563434471FAD64D200727CA1 /* ProfileProvider.swift */,
				563434491FAD64FC00727CA1 /* TableViewProvider.swift */,
				564217871FAE0CED00BCF993 /* AppsProvider.swift */,
			);
			path = Tutorial;
			sourceTree = "<group>";
		};
		564639F91F9E4D7B00EE1498 /* Storyboard */ = {
			isa = PBXGroup;
			children = (
				564639FA1F9E4D8A00EE1498 /* FlixStackView.swift */,
				564639FC1F9E4DAC00EE1498 /* FlixStackItemProvider.swift */,
			);
			path = Storyboard;
			sourceTree = "<group>";
		};
		566300BF1FA4F79800A35CFA /* TimeZone */ = {
			isa = PBXGroup;
			children = (
				566300C01FA4F7B000A35CFA /* SelectTimeZoneViewController.swift */,
			);
			path = TimeZone;
			sourceTree = "<group>";
		};
		5665F1EB1FA5AA62009225F7 /* Repeat */ = {
			isa = PBXGroup;
			children = (
				5665F1EC1FA5AA8F009225F7 /* EndRepeatProvider.swift */,
				5665F1EE1FA5AAA8009225F7 /* RepeatGroupProvider.swift */,
				5665F1F01FA5AEF3009225F7 /* EndRepeatSelectViewController.swift */,
			);
			path = Repeat;
			sourceTree = "<group>";
		};
		5665F1F21FA5B636009225F7 /* CalendarEvent */ = {
			isa = PBXGroup;
			children = (
				562594501FA0CC8300BF5756 /* Location */,
				568744691FA3742800B5193C /* Event */,
				566300BF1FA4F79800A35CFA /* TimeZone */,
				562699291FA51E8800290A70 /* Options */,
				5665F1EB1FA5AA62009225F7 /* Repeat */,
			);
			path = CalendarEvent;
			sourceTree = "<group>";
		};
		568744691FA3742800B5193C /* Event */ = {
			isa = PBXGroup;
			children = (
				5687446C1FA3745100B5193C /* EventListViewController.swift */,
				5687446E1FA374E800B5193C /* EventEditViewController.swift */,
				568744701FA3766700B5193C /* TextFieldProvider.swift */,
				568744721FA3792F00B5193C /* SpacingSectionProvider.swift */,
				568744741FA381DA00B5193C /* SelectedLocationProvider.swift */,
				562075571FA40B10001D8896 /* DateSelectProvider.swift */,
				566300BD1FA4E41B00A35CFA /* StartAndEndDateGroupProvider.swift */,
				5665F1F31FA5CB5F009225F7 /* TextViewProvider.swift */,
				5665F1F51FA5CF73009225F7 /* CalendarEventObject.swift */,
			);
			path = Event;
			sourceTree = "<group>";
		};
		569848F01F89F2DD00DA1D64 /* Example */ = {
			isa = PBXGroup;
			children = (
				2617C2611F84D0FD007F8228 /* GitHubSigup */,
				563316341FAB6A5E00627F5A /* Tutorial */,
				5665F1F21FA5B636009225F7 /* CalendarEvent */,
				569294F81F88E37E00FA1493 /* DeleteItemViewController.swift */,
				26BAF0321F8499B8009A4401 /* LoginViewController.swift */,
				2670E6991F83EE40003A5BA7 /* DoNotDisturbSettingsViewController.swift */,
				2666E4001F869656006F1918 /* NestFormViewController.swift */,
				91F3F3ED1F99EFE500E6BE8F /* ControlCenterCustomizeViewController.swift */,
				565726311F9E3AE800D9BEC4 /* StoryboardViewController.swift */,
			);
			path = Example;
			sourceTree = "<group>";
		};
		56E06EEE1F9C46110074032A /* DelegateProxy */ = {
			isa = PBXGroup;
			children = (
				56E06EEF1F9C46310074032A /* TableViewDelegateProxy.swift */,
				56E06EF11F9C46710074032A /* CollectionViewDelegateProxy.swift */,
			);
			path = DelegateProxy;
			sourceTree = "<group>";
		};
		64E690AA694462C59CA1460E /* Frameworks */ = {
			isa = PBXGroup;
			children = (
				6B73648F745916751FEA7795 /* Pods_Flix.framework */,
				57A16CA2C5A84708DA185909 /* Pods_Example.framework */,
			);
			name = Frameworks;
			sourceTree = "<group>";
		};
		9179C9621FA6D60400B4C21E /* Group */ = {
			isa = PBXGroup;
			children = (
				9179C9631FA6D60F00B4C21E /* TableViewGroupProvider.swift */,
				5622648D1FA5FF76005D7C5F /* AnimatableTableViewGroupProvider.swift */,
				917E2C2F1FA6E34800765F95 /* CollectionViewGroupProvider.swift */,
				917E2C311FA6E35700765F95 /* AnimatableCollectionViewGroupProvider.swift */,
			);
			path = Group;
			sourceTree = "<group>";
		};
		DEA53283DE1AFF3A56A6F7A9 /* Pods */ = {
			isa = PBXGroup;
			children = (
				D2F9A63D3C7A3420C9797CB5 /* Pods-Flix.debug.xcconfig */,
				4D1DE780D16E3E8256EDE880 /* Pods-Flix.release.xcconfig */,
				BA63D7D73F2D9CEB8F63F458 /* Pods-Example.debug.xcconfig */,
				3623AE6EB18987F4D533683C /* Pods-Example.release.xcconfig */,
			);
			name = Pods;
			sourceTree = "<group>";
		};
/* End PBXGroup section */

/* Begin PBXHeadersBuildPhase section */
		2670E64C1F83E15C003A5BA7 /* Headers */ = {
			isa = PBXHeadersBuildPhase;
			buildActionMask = 2147483647;
			files = (
				2670E6541F83E15C003A5BA7 /* Flix.h in Headers */,
			);
			runOnlyForDeploymentPostprocessing = 0;
		};
/* End PBXHeadersBuildPhase section */

/* Begin PBXNativeTarget section */
		2670E64E1F83E15C003A5BA7 /* Flix */ = {
			isa = PBXNativeTarget;
			buildConfigurationList = 2670E6571F83E15C003A5BA7 /* Build configuration list for PBXNativeTarget "Flix" */;
			buildPhases = (
				E53098C1DFCC24D09F9B7948 /* [CP] Check Pods Manifest.lock */,
				2670E64A1F83E15C003A5BA7 /* Sources */,
				2670E64B1F83E15C003A5BA7 /* Frameworks */,
				2670E64C1F83E15C003A5BA7 /* Headers */,
				2670E64D1F83E15C003A5BA7 /* Resources */,
				9A915100D838F9CF18BAF7E4 /* [CP] Copy Pods Resources */,
			);
			buildRules = (
			);
			dependencies = (
			);
			name = Flix;
			productName = Flix;
			productReference = 2670E64F1F83E15C003A5BA7 /* Flix.framework */;
			productType = "com.apple.product-type.framework";
		};
		2670E65D1F83E1A0003A5BA7 /* Example */ = {
			isa = PBXNativeTarget;
			buildConfigurationList = 2670E66F1F83E1A0003A5BA7 /* Build configuration list for PBXNativeTarget "Example" */;
			buildPhases = (
				FD5A98F4832863E1BC0721CE /* [CP] Check Pods Manifest.lock */,
				2670E65A1F83E1A0003A5BA7 /* Sources */,
				2670E65B1F83E1A0003A5BA7 /* Frameworks */,
				2670E65C1F83E1A0003A5BA7 /* Resources */,
				04F099B451BD3681078C8568 /* [CP] Embed Pods Frameworks */,
				66B8EBAF2860092D1F1DBF0D /* [CP] Copy Pods Resources */,
				2670E6971F83EDF7003A5BA7 /* Embed Frameworks */,
			);
			buildRules = (
			);
			dependencies = (
				2670E6961F83EDF7003A5BA7 /* PBXTargetDependency */,
			);
			name = Example;
			productName = Demo;
			productReference = 2670E65E1F83E1A0003A5BA7 /* Example.app */;
			productType = "com.apple.product-type.application";
		};
/* End PBXNativeTarget section */

/* Begin PBXProject section */
		2670E6461F83E15C003A5BA7 /* Project object */ = {
			isa = PBXProject;
			attributes = {
				LastSwiftUpdateCheck = 0900;
				LastUpgradeCheck = 0900;
				ORGANIZATIONNAME = DianQK;
				TargetAttributes = {
					2670E64E1F83E15C003A5BA7 = {
						CreatedOnToolsVersion = 9.0;
						LastSwiftMigration = 0900;
						ProvisioningStyle = Manual;
					};
					2670E65D1F83E1A0003A5BA7 = {
						CreatedOnToolsVersion = 9.0;
						ProvisioningStyle = Automatic;
					};
				};
			};
			buildConfigurationList = 2670E6491F83E15C003A5BA7 /* Build configuration list for PBXProject "Flix" */;
			compatibilityVersion = "Xcode 8.0";
			developmentRegion = en;
			hasScannedForEncodings = 0;
			knownRegions = (
				en,
				Base,
			);
			mainGroup = 2670E6451F83E15C003A5BA7;
			productRefGroup = 2670E6501F83E15C003A5BA7 /* Products */;
			projectDirPath = "";
			projectRoot = "";
			targets = (
				2670E64E1F83E15C003A5BA7 /* Flix */,
				2670E65D1F83E1A0003A5BA7 /* Example */,
			);
		};
/* End PBXProject section */

/* Begin PBXResourcesBuildPhase section */
		2670E64D1F83E15C003A5BA7 /* Resources */ = {
			isa = PBXResourcesBuildPhase;
			buildActionMask = 2147483647;
			files = (
			);
			runOnlyForDeploymentPostprocessing = 0;
		};
		2670E65C1F83E1A0003A5BA7 /* Resources */ = {
			isa = PBXResourcesBuildPhase;
			buildActionMask = 2147483647;
			files = (
				2670E66B1F83E1A0003A5BA7 /* LaunchScreen.storyboard in Resources */,
				2670E6681F83E1A0003A5BA7 /* Assets.xcassets in Resources */,
				2670E6661F83E1A0003A5BA7 /* Main.storyboard in Resources */,
			);
			runOnlyForDeploymentPostprocessing = 0;
		};
/* End PBXResourcesBuildPhase section */

/* Begin PBXShellScriptBuildPhase section */
		04F099B451BD3681078C8568 /* [CP] Embed Pods Frameworks */ = {
			isa = PBXShellScriptBuildPhase;
			buildActionMask = 2147483647;
			files = (
			);
			inputPaths = (
				"${SRCROOT}/Pods/Target Support Files/Pods-Example/Pods-Example-frameworks.sh",
				"${BUILT_PRODUCTS_DIR}/Differentiator/Differentiator.framework",
				"${BUILT_PRODUCTS_DIR}/RxCocoa/RxCocoa.framework",
				"${BUILT_PRODUCTS_DIR}/RxDataSources/RxDataSources.framework",
				"${BUILT_PRODUCTS_DIR}/RxSwift/RxSwift.framework",
				"${BUILT_PRODUCTS_DIR}/RxKeyboard/RxKeyboard.framework",
			);
			name = "[CP] Embed Pods Frameworks";
			outputPaths = (
				"${TARGET_BUILD_DIR}/${FRAMEWORKS_FOLDER_PATH}/Differentiator.framework",
				"${TARGET_BUILD_DIR}/${FRAMEWORKS_FOLDER_PATH}/RxCocoa.framework",
				"${TARGET_BUILD_DIR}/${FRAMEWORKS_FOLDER_PATH}/RxDataSources.framework",
				"${TARGET_BUILD_DIR}/${FRAMEWORKS_FOLDER_PATH}/RxSwift.framework",
				"${TARGET_BUILD_DIR}/${FRAMEWORKS_FOLDER_PATH}/RxKeyboard.framework",
			);
			runOnlyForDeploymentPostprocessing = 0;
			shellPath = /bin/sh;
			shellScript = "\"${SRCROOT}/Pods/Target Support Files/Pods-Example/Pods-Example-frameworks.sh\"\n";
			showEnvVarsInLog = 0;
		};
		66B8EBAF2860092D1F1DBF0D /* [CP] Copy Pods Resources */ = {
			isa = PBXShellScriptBuildPhase;
			buildActionMask = 2147483647;
			files = (
			);
			inputPaths = (
			);
			name = "[CP] Copy Pods Resources";
			outputPaths = (
			);
			runOnlyForDeploymentPostprocessing = 0;
			shellPath = /bin/sh;
			shellScript = "\"${SRCROOT}/Pods/Target Support Files/Pods-Example/Pods-Example-resources.sh\"\n";
			showEnvVarsInLog = 0;
		};
		9A915100D838F9CF18BAF7E4 /* [CP] Copy Pods Resources */ = {
			isa = PBXShellScriptBuildPhase;
			buildActionMask = 2147483647;
			files = (
			);
			inputPaths = (
			);
			name = "[CP] Copy Pods Resources";
			outputPaths = (
			);
			runOnlyForDeploymentPostprocessing = 0;
			shellPath = /bin/sh;
			shellScript = "\"${SRCROOT}/Pods/Target Support Files/Pods-Flix/Pods-Flix-resources.sh\"\n";
			showEnvVarsInLog = 0;
		};
		E53098C1DFCC24D09F9B7948 /* [CP] Check Pods Manifest.lock */ = {
			isa = PBXShellScriptBuildPhase;
			buildActionMask = 2147483647;
			files = (
			);
			inputPaths = (
				"${PODS_PODFILE_DIR_PATH}/Podfile.lock",
				"${PODS_ROOT}/Manifest.lock",
			);
			name = "[CP] Check Pods Manifest.lock";
			outputPaths = (
				"$(DERIVED_FILE_DIR)/Pods-Flix-checkManifestLockResult.txt",
			);
			runOnlyForDeploymentPostprocessing = 0;
			shellPath = /bin/sh;
			shellScript = "diff \"${PODS_PODFILE_DIR_PATH}/Podfile.lock\" \"${PODS_ROOT}/Manifest.lock\" > /dev/null\nif [ $? != 0 ] ; then\n    # print error to STDERR\n    echo \"error: The sandbox is not in sync with the Podfile.lock. Run 'pod install' or update your CocoaPods installation.\" >&2\n    exit 1\nfi\n# This output is used by Xcode 'outputs' to avoid re-running this script phase.\necho \"SUCCESS\" > \"${SCRIPT_OUTPUT_FILE_0}\"\n";
			showEnvVarsInLog = 0;
		};
		FD5A98F4832863E1BC0721CE /* [CP] Check Pods Manifest.lock */ = {
			isa = PBXShellScriptBuildPhase;
			buildActionMask = 2147483647;
			files = (
			);
			inputPaths = (
				"${PODS_PODFILE_DIR_PATH}/Podfile.lock",
				"${PODS_ROOT}/Manifest.lock",
			);
			name = "[CP] Check Pods Manifest.lock";
			outputPaths = (
				"$(DERIVED_FILE_DIR)/Pods-Example-checkManifestLockResult.txt",
			);
			runOnlyForDeploymentPostprocessing = 0;
			shellPath = /bin/sh;
			shellScript = "diff \"${PODS_PODFILE_DIR_PATH}/Podfile.lock\" \"${PODS_ROOT}/Manifest.lock\" > /dev/null\nif [ $? != 0 ] ; then\n    # print error to STDERR\n    echo \"error: The sandbox is not in sync with the Podfile.lock. Run 'pod install' or update your CocoaPods installation.\" >&2\n    exit 1\nfi\n# This output is used by Xcode 'outputs' to avoid re-running this script phase.\necho \"SUCCESS\" > \"${SCRIPT_OUTPUT_FILE_0}\"\n";
			showEnvVarsInLog = 0;
		};
/* End PBXShellScriptBuildPhase section */

/* Begin PBXSourcesBuildPhase section */
		2670E64A1F83E15C003A5BA7 /* Sources */ = {
			isa = PBXSourcesBuildPhase;
			buildActionMask = 2147483647;
			files = (
				56FFB7C71F89F4DD0066B903 /* CollectionViewBuilder.swift in Sources */,
				2670E67B1F83E559003A5BA7 /* UIView+Configure.swift in Sources */,
				2670E6741F83E2EA003A5BA7 /* Node.swift in Sources */,
				26C847071F84897000EEFEAA /* TableViewSectionPartionProvider.swift in Sources */,
				5694616B1F9C67B4009F7971 /* _CollectionViewBuilder.swift in Sources */,
				564639FD1F9E4DAC00EE1498 /* FlixStackItemProvider.swift in Sources */,
				56E06EF41F9C5CD50074032A /* _TableViewBuilder.swift in Sources */,
				5694616F1F9C73D9009F7971 /* BuilderProxy.swift in Sources */,
				262874641F9F9EB600F66907 /* NeverHitSelfView.swift in Sources */,
				917E2C321FA6E35700765F95 /* AnimatableCollectionViewGroupProvider.swift in Sources */,
				5677E7A11F9AF3A7004D002B /* TableViewInsertable.swift in Sources */,
				5622648E1FA5FF76005D7C5F /* AnimatableTableViewGroupProvider.swift in Sources */,
				917E2C301FA6E34800765F95 /* CollectionViewGroupProvider.swift in Sources */,
				264F27961F9C33B000884FF2 /* TableViewDeleteable.swift in Sources */,
				56E06EF21F9C46710074032A /* CollectionViewDelegateProxy.swift in Sources */,
				91F3F3EC1F99EAA500E6BE8F /* TableViewMoveable.swift in Sources */,
				26C847051F84891500EEFEAA /* AnimatableTableViewBuilder.swift in Sources */,
				569294F71F88DA6800FA1493 /* TableViewEditable.swift in Sources */,
				2670E6781F83E343003A5BA7 /* TableViewProvider.swift in Sources */,
				2670E6821F83EBE2003A5BA7 /* CollectionViewSectionProvider.swift in Sources */,
				26BAF0351F84A08E009A4401 /* UniqueCustomTableViewSectionProvider.swift in Sources */,
				2670E67E1F83EA4A003A5BA7 /* AnimatableCollectionViewBuilder.swift in Sources */,
				5694616D1F9C710A009F7971 /* IdentifiableNode.swift in Sources */,
				262874601F9F8DD000F66907 /* ProviderDescription.swift in Sources */,
				26C8470C1F84929900EEFEAA /* UniqueCustomTableViewProvider.swift in Sources */,
				9179C9641FA6D60F00B4C21E /* TableViewGroupProvider.swift in Sources */,
				564639FB1F9E4D8A00EE1498 /* FlixStackView.swift in Sources */,
				56FFB7C91F89F7110066B903 /* TableViewBuilder.swift in Sources */,
				56FFB7CB1F89FBEA0066B903 /* TableViewSectionProvider.swift in Sources */,
				26C8470A1F84928D00EEFEAA /* UniqueCustomCollectionViewProvider.swift in Sources */,
				2670E6761F83E31F003A5BA7 /* CollectionViewProvider.swift in Sources */,
				2666E4081F879B3B006F1918 /* UniqueCustomCollectionViewSectionProvider.swift in Sources */,
				56E06EF01F9C46310074032A /* TableViewDelegateProxy.swift in Sources */,
				262874621F9F8F0F00F66907 /* CustomIdentityType.swift in Sources */,
				2670E6801F83EAA3003A5BA7 /* CollectionViewSectionPartionProvider.swift in Sources */,
			);
			runOnlyForDeploymentPostprocessing = 0;
		};
		2670E65A1F83E1A0003A5BA7 /* Sources */ = {
			isa = PBXSourcesBuildPhase;
			buildActionMask = 2147483647;
			files = (
				564217881FAE0CED00BCF993 /* AppsProvider.swift in Sources */,
				562594521FA0CC9800BF5756 /* GeolocationService.swift in Sources */,
				26424F701F8537EC00E2834D /* UniqueMessageTableViewProvider.swift in Sources */,
				2670E6A61F83EE5E003A5BA7 /* UniqueSwitchProvider.swift in Sources */,
				566300BE1FA4E41B00A35CFA /* StartAndEndDateGroupProvider.swift in Sources */,
				2670E69C1F83EE40003A5BA7 /* DoNotDisturbSettingsViewController.swift in Sources */,
				26424F721F853AEC00E2834D /* UniqueTextFieldTableViewProvider.swift in Sources */,
				5622F6E51FA0E16000326201 /* LocalSearchProvider.swift in Sources */,
				2617C26A1F84D0FD007F8228 /* Protocols.swift in Sources */,
				2617C2761F84D1BF007F8228 /* ActivityIndicator.swift in Sources */,
				26BAF0331F8499B8009A4401 /* LoginViewController.swift in Sources */,
				2670E6A21F83EE5E003A5BA7 /* RadioProvider.swift in Sources */,
				2666E4041F874113006F1918 /* Operators.swift in Sources */,
				2617C2681F84D0FD007F8228 /* GitHubSignupViewController.swift in Sources */,
				562594561FA0CCA800BF5756 /* RxCLLocationManagerDelegateProxy.swift in Sources */,
				5687446D1FA3745200B5193C /* EventListViewController.swift in Sources */,
				566300C11FA4F7B000A35CFA /* SelectTimeZoneViewController.swift in Sources */,
				563434481FAD64D200727CA1 /* ProfileProvider.swift in Sources */,
				2670E69F1F83EE5E003A5BA7 /* UniqueCommentTextProvider.swift in Sources */,
				2617C26C1F84D0FD007F8228 /* BindingExtensions.swift in Sources */,
				568744711FA3766700B5193C /* TextFieldProvider.swift in Sources */,
				569294F91F88E37E00FA1493 /* DeleteItemViewController.swift in Sources */,
				26424F741F853B0A00E2834D /* UniqueButtonTableViewProvider.swift in Sources */,
				5665F1F11FA5AEF3009225F7 /* EndRepeatSelectViewController.swift in Sources */,
				2617C26B1F84D0FD007F8228 /* DefaultImplementations.swift in Sources */,
				565726321F9E3AE800D9BEC4 /* StoryboardViewController.swift in Sources */,
				5665F1ED1FA5AA8F009225F7 /* EndRepeatProvider.swift in Sources */,
				562075581FA40B10001D8896 /* DateSelectProvider.swift in Sources */,
				2670E6631F83E1A0003A5BA7 /* ViewController.swift in Sources */,
				568744751FA381DA00B5193C /* SelectedLocationProvider.swift in Sources */,
				5626992D1FA51EE600290A70 /* EventOptionProvider.swift in Sources */,
				563316361FAB6AF300627F5A /* SettingsViewController.swift in Sources */,
				5665F1EF1FA5AAA8009225F7 /* RepeatGroupProvider.swift in Sources */,
				2670E6611F83E1A0003A5BA7 /* AppDelegate.swift in Sources */,
				5665F1F61FA5CF73009225F7 /* CalendarEventObject.swift in Sources */,
				2670E6A01F83EE5E003A5BA7 /* TextListProvider.swift in Sources */,
				2670E69B1F83EE40003A5BA7 /* ExampleListViewController.swift in Sources */,
				5626992F1FA5215900290A70 /* EventOptionsViewController.swift in Sources */,
				91F3F3EE1F99EFE500E6BE8F /* ControlCenterCustomizeViewController.swift in Sources */,
				2617C2701F84D15C007F8228 /* Wireframe.swift in Sources */,
				2670E6A31F83EE5E003A5BA7 /* TextSectionProvider.swift in Sources */,
				5687446F1FA374E800B5193C /* EventEditViewController.swift in Sources */,
				2666E4011F869656006F1918 /* NestFormViewController.swift in Sources */,
				2617C2731F84D18B007F8228 /* String+URL.swift in Sources */,
				5634344A1FAD64FC00727CA1 /* TableViewProvider.swift in Sources */,
				568744731FA3792F00B5193C /* SpacingSectionProvider.swift in Sources */,
				5665F1F41FA5CB5F009225F7 /* TextViewProvider.swift in Sources */,
				2670E6A51F83EE5E003A5BA7 /* UniqueTextInputProvider.swift in Sources */,
				562594551FA0CCA800BF5756 /* CLLocationManager+Rx.swift in Sources */,
				562594581FA0CCC300BF5756 /* SelectLocationViewController.swift in Sources */,
				5622F6E31FA0DCFC00326201 /* MKLocalSearch+Rx.swift in Sources */,
				2670E6A11F83EE5E003A5BA7 /* UniqueTextProvider.swift in Sources */,
				2617C2691F84D0FD007F8228 /* GithubSignupViewModel1.swift in Sources */,
			);
			runOnlyForDeploymentPostprocessing = 0;
		};
/* End PBXSourcesBuildPhase section */

/* Begin PBXTargetDependency section */
		2670E6961F83EDF7003A5BA7 /* PBXTargetDependency */ = {
			isa = PBXTargetDependency;
			target = 2670E64E1F83E15C003A5BA7 /* Flix */;
			targetProxy = 2670E6951F83EDF7003A5BA7 /* PBXContainerItemProxy */;
		};
/* End PBXTargetDependency section */

/* Begin PBXVariantGroup section */
		2670E6641F83E1A0003A5BA7 /* Main.storyboard */ = {
			isa = PBXVariantGroup;
			children = (
				2670E6651F83E1A0003A5BA7 /* Base */,
			);
			name = Main.storyboard;
			sourceTree = "<group>";
		};
		2670E6691F83E1A0003A5BA7 /* LaunchScreen.storyboard */ = {
			isa = PBXVariantGroup;
			children = (
				2670E66A1F83E1A0003A5BA7 /* Base */,
			);
			name = LaunchScreen.storyboard;
			sourceTree = "<group>";
		};
/* End PBXVariantGroup section */

/* Begin XCBuildConfiguration section */
		2670E6551F83E15C003A5BA7 /* Debug */ = {
			isa = XCBuildConfiguration;
			buildSettings = {
				ALWAYS_SEARCH_USER_PATHS = NO;
				CLANG_ANALYZER_NONNULL = YES;
				CLANG_ANALYZER_NUMBER_OBJECT_CONVERSION = YES_AGGRESSIVE;
				CLANG_CXX_LANGUAGE_STANDARD = "gnu++14";
				CLANG_CXX_LIBRARY = "libc++";
				CLANG_ENABLE_MODULES = YES;
				CLANG_ENABLE_OBJC_ARC = YES;
				CLANG_WARN_BLOCK_CAPTURE_AUTORELEASING = YES;
				CLANG_WARN_BOOL_CONVERSION = YES;
				CLANG_WARN_COMMA = YES;
				CLANG_WARN_CONSTANT_CONVERSION = YES;
				CLANG_WARN_DIRECT_OBJC_ISA_USAGE = YES_ERROR;
				CLANG_WARN_DOCUMENTATION_COMMENTS = YES;
				CLANG_WARN_EMPTY_BODY = YES;
				CLANG_WARN_ENUM_CONVERSION = YES;
				CLANG_WARN_INFINITE_RECURSION = YES;
				CLANG_WARN_INT_CONVERSION = YES;
				CLANG_WARN_NON_LITERAL_NULL_CONVERSION = YES;
				CLANG_WARN_OBJC_LITERAL_CONVERSION = YES;
				CLANG_WARN_OBJC_ROOT_CLASS = YES_ERROR;
				CLANG_WARN_RANGE_LOOP_ANALYSIS = YES;
				CLANG_WARN_STRICT_PROTOTYPES = YES;
				CLANG_WARN_SUSPICIOUS_MOVE = YES;
				CLANG_WARN_UNGUARDED_AVAILABILITY = YES_AGGRESSIVE;
				CLANG_WARN_UNREACHABLE_CODE = YES;
				CLANG_WARN__DUPLICATE_METHOD_MATCH = YES;
				CODE_SIGN_IDENTITY = "iPhone Developer";
				COPY_PHASE_STRIP = NO;
				CURRENT_PROJECT_VERSION = 1;
				DEBUG_INFORMATION_FORMAT = dwarf;
				ENABLE_STRICT_OBJC_MSGSEND = YES;
				ENABLE_TESTABILITY = YES;
				GCC_C_LANGUAGE_STANDARD = gnu11;
				GCC_DYNAMIC_NO_PIC = NO;
				GCC_NO_COMMON_BLOCKS = YES;
				GCC_OPTIMIZATION_LEVEL = 0;
				GCC_PREPROCESSOR_DEFINITIONS = (
					"DEBUG=1",
					"$(inherited)",
				);
				GCC_WARN_64_TO_32_BIT_CONVERSION = YES;
				GCC_WARN_ABOUT_RETURN_TYPE = YES_ERROR;
				GCC_WARN_UNDECLARED_SELECTOR = YES;
				GCC_WARN_UNINITIALIZED_AUTOS = YES_AGGRESSIVE;
				GCC_WARN_UNUSED_FUNCTION = YES;
				GCC_WARN_UNUSED_VARIABLE = YES;
				IPHONEOS_DEPLOYMENT_TARGET = 9.0;
				MTL_ENABLE_DEBUG_INFO = YES;
				ONLY_ACTIVE_ARCH = YES;
				SDKROOT = iphoneos;
				SWIFT_ACTIVE_COMPILATION_CONDITIONS = DEBUG;
				SWIFT_OPTIMIZATION_LEVEL = "-Onone";
				VERSIONING_SYSTEM = "apple-generic";
				VERSION_INFO_PREFIX = "";
			};
			name = Debug;
		};
		2670E6561F83E15C003A5BA7 /* Release */ = {
			isa = XCBuildConfiguration;
			buildSettings = {
				ALWAYS_SEARCH_USER_PATHS = NO;
				CLANG_ANALYZER_NONNULL = YES;
				CLANG_ANALYZER_NUMBER_OBJECT_CONVERSION = YES_AGGRESSIVE;
				CLANG_CXX_LANGUAGE_STANDARD = "gnu++14";
				CLANG_CXX_LIBRARY = "libc++";
				CLANG_ENABLE_MODULES = YES;
				CLANG_ENABLE_OBJC_ARC = YES;
				CLANG_WARN_BLOCK_CAPTURE_AUTORELEASING = YES;
				CLANG_WARN_BOOL_CONVERSION = YES;
				CLANG_WARN_COMMA = YES;
				CLANG_WARN_CONSTANT_CONVERSION = YES;
				CLANG_WARN_DIRECT_OBJC_ISA_USAGE = YES_ERROR;
				CLANG_WARN_DOCUMENTATION_COMMENTS = YES;
				CLANG_WARN_EMPTY_BODY = YES;
				CLANG_WARN_ENUM_CONVERSION = YES;
				CLANG_WARN_INFINITE_RECURSION = YES;
				CLANG_WARN_INT_CONVERSION = YES;
				CLANG_WARN_NON_LITERAL_NULL_CONVERSION = YES;
				CLANG_WARN_OBJC_LITERAL_CONVERSION = YES;
				CLANG_WARN_OBJC_ROOT_CLASS = YES_ERROR;
				CLANG_WARN_RANGE_LOOP_ANALYSIS = YES;
				CLANG_WARN_STRICT_PROTOTYPES = YES;
				CLANG_WARN_SUSPICIOUS_MOVE = YES;
				CLANG_WARN_UNGUARDED_AVAILABILITY = YES_AGGRESSIVE;
				CLANG_WARN_UNREACHABLE_CODE = YES;
				CLANG_WARN__DUPLICATE_METHOD_MATCH = YES;
				CODE_SIGN_IDENTITY = "iPhone Developer";
				COPY_PHASE_STRIP = NO;
				CURRENT_PROJECT_VERSION = 1;
				DEBUG_INFORMATION_FORMAT = "dwarf-with-dsym";
				ENABLE_NS_ASSERTIONS = NO;
				ENABLE_STRICT_OBJC_MSGSEND = YES;
				GCC_C_LANGUAGE_STANDARD = gnu11;
				GCC_NO_COMMON_BLOCKS = YES;
				GCC_WARN_64_TO_32_BIT_CONVERSION = YES;
				GCC_WARN_ABOUT_RETURN_TYPE = YES_ERROR;
				GCC_WARN_UNDECLARED_SELECTOR = YES;
				GCC_WARN_UNINITIALIZED_AUTOS = YES_AGGRESSIVE;
				GCC_WARN_UNUSED_FUNCTION = YES;
				GCC_WARN_UNUSED_VARIABLE = YES;
				IPHONEOS_DEPLOYMENT_TARGET = 9.0;
				MTL_ENABLE_DEBUG_INFO = NO;
				SDKROOT = iphoneos;
				SWIFT_OPTIMIZATION_LEVEL = "-Owholemodule";
				VALIDATE_PRODUCT = YES;
				VERSIONING_SYSTEM = "apple-generic";
				VERSION_INFO_PREFIX = "";
			};
			name = Release;
		};
		2670E6581F83E15C003A5BA7 /* Debug */ = {
			isa = XCBuildConfiguration;
			baseConfigurationReference = D2F9A63D3C7A3420C9797CB5 /* Pods-Flix.debug.xcconfig */;
			buildSettings = {
				CLANG_ENABLE_MODULES = YES;
				CODE_SIGN_IDENTITY = "";
				CODE_SIGN_STYLE = Manual;
				DEFINES_MODULE = YES;
				DEVELOPMENT_TEAM = "";
				DYLIB_COMPATIBILITY_VERSION = 1;
				DYLIB_CURRENT_VERSION = 1;
				DYLIB_INSTALL_NAME_BASE = "@rpath";
				INFOPLIST_FILE = Flix/Info.plist;
				INSTALL_PATH = "$(LOCAL_LIBRARY_DIR)/Frameworks";
				LD_RUNPATH_SEARCH_PATHS = "$(inherited) @executable_path/Frameworks @loader_path/Frameworks";
				PRODUCT_BUNDLE_IDENTIFIER = org.dianqk.Flix;
				PRODUCT_NAME = "$(TARGET_NAME:c99extidentifier)";
				PROVISIONING_PROFILE_SPECIFIER = "";
				SKIP_INSTALL = YES;
				SWIFT_OPTIMIZATION_LEVEL = "-Onone";
				SWIFT_VERSION = 4.0;
				TARGETED_DEVICE_FAMILY = "1,2";
			};
			name = Debug;
		};
		2670E6591F83E15C003A5BA7 /* Release */ = {
			isa = XCBuildConfiguration;
			baseConfigurationReference = 4D1DE780D16E3E8256EDE880 /* Pods-Flix.release.xcconfig */;
			buildSettings = {
				CLANG_ENABLE_MODULES = YES;
				CODE_SIGN_IDENTITY = "";
				CODE_SIGN_STYLE = Manual;
				DEFINES_MODULE = YES;
				DEVELOPMENT_TEAM = "";
				DYLIB_COMPATIBILITY_VERSION = 1;
				DYLIB_CURRENT_VERSION = 1;
				DYLIB_INSTALL_NAME_BASE = "@rpath";
				INFOPLIST_FILE = Flix/Info.plist;
				INSTALL_PATH = "$(LOCAL_LIBRARY_DIR)/Frameworks";
				LD_RUNPATH_SEARCH_PATHS = "$(inherited) @executable_path/Frameworks @loader_path/Frameworks";
				PRODUCT_BUNDLE_IDENTIFIER = org.dianqk.Flix;
				PRODUCT_NAME = "$(TARGET_NAME:c99extidentifier)";
				PROVISIONING_PROFILE_SPECIFIER = "";
				SKIP_INSTALL = YES;
				SWIFT_VERSION = 4.0;
				TARGETED_DEVICE_FAMILY = "1,2";
			};
			name = Release;
		};
		2670E66D1F83E1A0003A5BA7 /* Debug */ = {
			isa = XCBuildConfiguration;
			baseConfigurationReference = BA63D7D73F2D9CEB8F63F458 /* Pods-Example.debug.xcconfig */;
			buildSettings = {
				ALWAYS_EMBED_SWIFT_STANDARD_LIBRARIES = "$(inherited)";
				ASSETCATALOG_COMPILER_APPICON_NAME = AppIcon;
				"CODE_SIGN_IDENTITY[sdk=iphoneos*]" = "iPhone Developer";
				CODE_SIGN_STYLE = Automatic;
				DEVELOPMENT_TEAM = RML58CN62D;
				INFOPLIST_FILE = "$(SRCROOT)/Example/Info.plist";
				IPHONEOS_DEPLOYMENT_TARGET = 11.0;
				LD_RUNPATH_SEARCH_PATHS = "$(inherited) @executable_path/Frameworks";
				PRODUCT_BUNDLE_IDENTIFIER = org.dianqk.FlixExample;
				PRODUCT_NAME = "$(TARGET_NAME)";
				PROVISIONING_PROFILE_SPECIFIER = "";
				SWIFT_VERSION = 4.0;
				TARGETED_DEVICE_FAMILY = "1,2";
			};
			name = Debug;
		};
		2670E66E1F83E1A0003A5BA7 /* Release */ = {
			isa = XCBuildConfiguration;
			baseConfigurationReference = 3623AE6EB18987F4D533683C /* Pods-Example.release.xcconfig */;
			buildSettings = {
				ALWAYS_EMBED_SWIFT_STANDARD_LIBRARIES = "$(inherited)";
				ASSETCATALOG_COMPILER_APPICON_NAME = AppIcon;
				"CODE_SIGN_IDENTITY[sdk=iphoneos*]" = "iPhone Developer";
				CODE_SIGN_STYLE = Automatic;
				DEVELOPMENT_TEAM = RML58CN62D;
				INFOPLIST_FILE = "$(SRCROOT)/Example/Info.plist";
				IPHONEOS_DEPLOYMENT_TARGET = 11.0;
				LD_RUNPATH_SEARCH_PATHS = "$(inherited) @executable_path/Frameworks";
				PRODUCT_BUNDLE_IDENTIFIER = org.dianqk.FlixExample;
				PRODUCT_NAME = "$(TARGET_NAME)";
				PROVISIONING_PROFILE_SPECIFIER = "";
				SWIFT_VERSION = 4.0;
				TARGETED_DEVICE_FAMILY = "1,2";
			};
			name = Release;
		};
/* End XCBuildConfiguration section */

/* Begin XCConfigurationList section */
		2670E6491F83E15C003A5BA7 /* Build configuration list for PBXProject "Flix" */ = {
			isa = XCConfigurationList;
			buildConfigurations = (
				2670E6551F83E15C003A5BA7 /* Debug */,
				2670E6561F83E15C003A5BA7 /* Release */,
			);
			defaultConfigurationIsVisible = 0;
			defaultConfigurationName = Release;
		};
		2670E6571F83E15C003A5BA7 /* Build configuration list for PBXNativeTarget "Flix" */ = {
			isa = XCConfigurationList;
			buildConfigurations = (
				2670E6581F83E15C003A5BA7 /* Debug */,
				2670E6591F83E15C003A5BA7 /* Release */,
			);
			defaultConfigurationIsVisible = 0;
			defaultConfigurationName = Release;
		};
		2670E66F1F83E1A0003A5BA7 /* Build configuration list for PBXNativeTarget "Example" */ = {
			isa = XCConfigurationList;
			buildConfigurations = (
				2670E66D1F83E1A0003A5BA7 /* Debug */,
				2670E66E1F83E1A0003A5BA7 /* Release */,
			);
			defaultConfigurationIsVisible = 0;
			defaultConfigurationName = Release;
		};
/* End XCConfigurationList section */
	};
	rootObject = 2670E6461F83E15C003A5BA7 /* Project object */;
}
